
Microsoft Visual Studio Solution File, Format Version 12.00
Project("{FAE04EC0-301F-11D3-BF4B-00C04F79EFBC}") = "Lab4", "Lab4.csproj", "{90DB5826-B220-4684-B4A5-F422130C5D8C}"
EndProject
Global
	GlobalSection(SolutionConfigurationPlatforms) = preSolution
		Debug|Any CPU = Debug|Any CPU
		Release|Any CPU = Release|Any CPU
	EndGlobalSection
	GlobalSection(ProjectConfigurationPlatforms) = postSolution
		{90DB5826-B220-4684-B4A5-F422130C5D8C}.Debug|Any CPU.ActiveCfg = Debug|Any CPU
		{90DB5826-B220-4684-B4A5-F422130C5D8C}.Debug|Any CPU.Build.0 = Debug|Any CPU
		{90DB5826-B220-4684-B4A5-F422130C5D8C}.Release|Any CPU.ActiveCfg = Release|Any CPU
		{90DB5826-B220-4684-B4A5-F422130C5D8C}.Release|Any CPU.Build.0 = Release|Any CPU
	EndGlobalSection
EndGlobal
